// !$*UTF8*$!
{
	archiveVersion = 1;
	classes = {
	};
	objectVersion = 46;
	objects = {

/* Begin PBXBuildFile section */
		D7290A6D1A89B67D0098330E /* LPCAudioController.m in Sources */ = {isa = PBXBuildFile; fileRef = D7290A6C1A89B67D0098330E /* LPCAudioController.m */; };
		D7290A711A89B6BD0098330E /* LPCView.mm in Sources */ = {isa = PBXBuildFile; fileRef = D7290A701A89B6BD0098330E /* LPCView.mm */; };
		D7290A751A89C3A90098330E /* GraphViewController.m in Sources */ = {isa = PBXBuildFile; fileRef = D7290A741A89C3A90098330E /* GraphViewController.m */; };
		D7290A7D1A89C4310098330E /* ScrollViewFrameAccessor.m in Sources */ = {isa = PBXBuildFile; fileRef = D7290A7A1A89C4310098330E /* ScrollViewFrameAccessor.m */; };
		D7290A7E1A89C4310098330E /* ViewFrameAccessor.m in Sources */ = {isa = PBXBuildFile; fileRef = D7290A7C1A89C4310098330E /* ViewFrameAccessor.m */; };
		D7290A801A89C6220098330E /* AudioToolbox.framework in Frameworks */ = {isa = PBXBuildFile; fileRef = D7290A7F1A89C6220098330E /* AudioToolbox.framework */; };
		D7290A841A89C6770098330E /* Accelerate.framework in Frameworks */ = {isa = PBXBuildFile; fileRef = D7290A831A89C6770098330E /* Accelerate.framework */; };
		D7290A871A89F1240098330E /* CoreAudio.framework in Frameworks */ = {isa = PBXBuildFile; fileRef = D7290A861A89F1240098330E /* CoreAudio.framework */; };
		D73ED1331AA41A1300C73109 /* UIColor+Flat.m in Sources */ = {isa = PBXBuildFile; fileRef = D73ED1321AA41A1300C73109 /* UIColor+Flat.m */; };
		D7D864BE1A7B4D82003C2DA5 /* AFHTTPRequestOperation.m in Sources */ = {isa = PBXBuildFile; fileRef = D7D864831A7B4D82003C2DA5 /* AFHTTPRequestOperation.m */; };
		D7D864BF1A7B4D82003C2DA5 /* AFHTTPRequestOperationManager.m in Sources */ = {isa = PBXBuildFile; fileRef = D7D864851A7B4D82003C2DA5 /* AFHTTPRequestOperationManager.m */; };
		D7D864C01A7B4D82003C2DA5 /* AFHTTPSessionManager.m in Sources */ = {isa = PBXBuildFile; fileRef = D7D864871A7B4D82003C2DA5 /* AFHTTPSessionManager.m */; };
		D7D864C11A7B4D82003C2DA5 /* AFNetworkReachabilityManager.m in Sources */ = {isa = PBXBuildFile; fileRef = D7D8648A1A7B4D82003C2DA5 /* AFNetworkReachabilityManager.m */; };
		D7D864C21A7B4D82003C2DA5 /* AFSecurityPolicy.m in Sources */ = {isa = PBXBuildFile; fileRef = D7D8648C1A7B4D82003C2DA5 /* AFSecurityPolicy.m */; };
		D7D864C31A7B4D82003C2DA5 /* AFURLConnectionOperation.m in Sources */ = {isa = PBXBuildFile; fileRef = D7D8648E1A7B4D82003C2DA5 /* AFURLConnectionOperation.m */; };
		D7D864C41A7B4D82003C2DA5 /* AFURLRequestSerialization.m in Sources */ = {isa = PBXBuildFile; fileRef = D7D864901A7B4D82003C2DA5 /* AFURLRequestSerialization.m */; };
		D7D864C51A7B4D82003C2DA5 /* AFURLResponseSerialization.m in Sources */ = {isa = PBXBuildFile; fileRef = D7D864921A7B4D82003C2DA5 /* AFURLResponseSerialization.m */; };
		D7D864C61A7B4D82003C2DA5 /* AFURLSessionManager.m in Sources */ = {isa = PBXBuildFile; fileRef = D7D864941A7B4D82003C2DA5 /* AFURLSessionManager.m */; };
		D7D864C71A7B4D82003C2DA5 /* LICENSE in Resources */ = {isa = PBXBuildFile; fileRef = D7D864951A7B4D82003C2DA5 /* LICENSE */; };
		D7D864C81A7B4D82003C2DA5 /* README.md in Sources */ = {isa = PBXBuildFile; fileRef = D7D864961A7B4D82003C2DA5 /* README.md */; };
		D7D864C91A7B4D82003C2DA5 /* AFNetworkActivityIndicatorManager.m in Sources */ = {isa = PBXBuildFile; fileRef = D7D864991A7B4D82003C2DA5 /* AFNetworkActivityIndicatorManager.m */; };
		D7D864CA1A7B4D82003C2DA5 /* UIActivityIndicatorView+AFNetworking.m in Sources */ = {isa = PBXBuildFile; fileRef = D7D8649B1A7B4D82003C2DA5 /* UIActivityIndicatorView+AFNetworking.m */; };
		D7D864CB1A7B4D82003C2DA5 /* UIAlertView+AFNetworking.m in Sources */ = {isa = PBXBuildFile; fileRef = D7D8649D1A7B4D82003C2DA5 /* UIAlertView+AFNetworking.m */; };
		D7D864CC1A7B4D82003C2DA5 /* UIButton+AFNetworking.m in Sources */ = {isa = PBXBuildFile; fileRef = D7D8649F1A7B4D82003C2DA5 /* UIButton+AFNetworking.m */; };
		D7D864CD1A7B4D82003C2DA5 /* UIImageView+AFNetworking.m in Sources */ = {isa = PBXBuildFile; fileRef = D7D864A11A7B4D82003C2DA5 /* UIImageView+AFNetworking.m */; };
		D7D864CE1A7B4D82003C2DA5 /* UIProgressView+AFNetworking.m in Sources */ = {isa = PBXBuildFile; fileRef = D7D864A41A7B4D82003C2DA5 /* UIProgressView+AFNetworking.m */; };
		D7D864CF1A7B4D82003C2DA5 /* UIRefreshControl+AFNetworking.m in Sources */ = {isa = PBXBuildFile; fileRef = D7D864A61A7B4D82003C2DA5 /* UIRefreshControl+AFNetworking.m */; };
		D7D864D01A7B4D82003C2DA5 /* UIWebView+AFNetworking.m in Sources */ = {isa = PBXBuildFile; fileRef = D7D864A81A7B4D82003C2DA5 /* UIWebView+AFNetworking.m */; };
		D96EF2761888D0C600C570C7 /* green_light.png in Resources */ = {isa = PBXBuildFile; fileRef = D96EF2731888D0C600C570C7 /* green_light.png */; };
		D96EF2771888D0C600C570C7 /* red_light.png in Resources */ = {isa = PBXBuildFile; fileRef = D96EF2741888D0C600C570C7 /* red_light.png */; };
		D96EF2781888D0C600C570C7 /* blue_light.png in Resources */ = {isa = PBXBuildFile; fileRef = D96EF2751888D0C600C570C7 /* blue_light.png */; };
		D9F770E41887426A0038839E /* Foundation.framework in Frameworks */ = {isa = PBXBuildFile; fileRef = D9F770E31887426A0038839E /* Foundation.framework */; };
		D9F770E61887426A0038839E /* CoreGraphics.framework in Frameworks */ = {isa = PBXBuildFile; fileRef = D9F770E51887426A0038839E /* CoreGraphics.framework */; };
		D9F770E81887426A0038839E /* UIKit.framework in Frameworks */ = {isa = PBXBuildFile; fileRef = D9F770E71887426A0038839E /* UIKit.framework */; };
		D9F770EE1887426A0038839E /* InfoPlist.strings in Resources */ = {isa = PBXBuildFile; fileRef = D9F770EC1887426A0038839E /* InfoPlist.strings */; };
		D9F770F01887426A0038839E /* main.m in Sources */ = {isa = PBXBuildFile; fileRef = D9F770EF1887426A0038839E /* main.m */; };
		D9F770F41887426A0038839E /* AppDelegate.m in Sources */ = {isa = PBXBuildFile; fileRef = D9F770F31887426A0038839E /* AppDelegate.m */; };
		D9F770F71887426A0038839E /* Main.storyboard in Resources */ = {isa = PBXBuildFile; fileRef = D9F770F51887426A0038839E /* Main.storyboard */; };
		D9F771021887426A0038839E /* Images.xcassets in Resources */ = {isa = PBXBuildFile; fileRef = D9F771011887426A0038839E /* Images.xcassets */; };
		D9F7711F188743B30038839E /* formant_plot_help.html in Resources */ = {isa = PBXBuildFile; fileRef = D9F7711E188743B30038839E /* formant_plot_help.html */; };
		D9F771271887441E0038839E /* arm.raw in Resources */ = {isa = PBXBuildFile; fileRef = D9F771201887441E0038839E /* arm.raw */; };
		D9F771281887441E0038839E /* beat.raw in Resources */ = {isa = PBXBuildFile; fileRef = D9F771211887441E0038839E /* beat.raw */; };
		D9F771291887441E0038839E /* bid.raw in Resources */ = {isa = PBXBuildFile; fileRef = D9F771221887441E0038839E /* bid.raw */; };
		D9F7712A1887441E0038839E /* calm.raw in Resources */ = {isa = PBXBuildFile; fileRef = D9F771231887441E0038839E /* calm.raw */; };
		D9F7712B1887441E0038839E /* cat.raw in Resources */ = {isa = PBXBuildFile; fileRef = D9F771241887441E0038839E /* cat.raw */; };
		D9F7712C1887441E0038839E /* four.raw in Resources */ = {isa = PBXBuildFile; fileRef = D9F771251887441E0038839E /* four.raw */; };
		D9F7712D1887441E0038839E /* who.raw in Resources */ = {isa = PBXBuildFile; fileRef = D9F771261887441E0038839E /* who.raw */; };
		D9F77136188744320038839E /* vowelPlotBackground.png in Resources */ = {isa = PBXBuildFile; fileRef = D9F77130188744320038839E /* vowelPlotBackground.png */; };
		D9F7713F188744AA0038839E /* PlotView.m in Sources */ = {isa = PBXBuildFile; fileRef = D9F7713D188744AA0038839E /* PlotView.m */; };
/* End PBXBuildFile section */

/* Begin PBXFileReference section */
		99D2C83AC4BE46BCBE258AE6 /* libPods.a */ = {isa = PBXFileReference; explicitFileType = archive.ar; includeInIndex = 0; path = libPods.a; sourceTree = BUILT_PRODUCTS_DIR; };
		D70E4C9F1A9ECF7100DDB818 /* Constants.h */ = {isa = PBXFileReference; lastKnownFileType = sourcecode.c.h; path = Constants.h; sourceTree = "<group>"; };
		D7290A6B1A89B67D0098330E /* LPCAudioController.h */ = {isa = PBXFileReference; fileEncoding = 4; lastKnownFileType = sourcecode.c.h; path = LPCAudioController.h; sourceTree = "<group>"; };
		D7290A6C1A89B67D0098330E /* LPCAudioController.m */ = {isa = PBXFileReference; fileEncoding = 4; lastKnownFileType = sourcecode.c.objc; path = LPCAudioController.m; sourceTree = "<group>"; };
		D7290A6F1A89B6BD0098330E /* LPCView.h */ = {isa = PBXFileReference; fileEncoding = 4; lastKnownFileType = sourcecode.c.h; path = LPCView.h; sourceTree = "<group>"; };
		D7290A701A89B6BD0098330E /* LPCView.mm */ = {isa = PBXFileReference; fileEncoding = 4; lastKnownFileType = sourcecode.cpp.objcpp; path = LPCView.mm; sourceTree = "<group>"; };
		D7290A731A89C3A90098330E /* GraphViewController.h */ = {isa = PBXFileReference; fileEncoding = 4; lastKnownFileType = sourcecode.c.h; path = GraphViewController.h; sourceTree = "<group>"; };
		D7290A741A89C3A90098330E /* GraphViewController.m */ = {isa = PBXFileReference; fileEncoding = 4; lastKnownFileType = sourcecode.c.objc; path = GraphViewController.m; sourceTree = "<group>"; };
		D7290A781A89C4310098330E /* FrameAccessor.h */ = {isa = PBXFileReference; fileEncoding = 4; lastKnownFileType = sourcecode.c.h; path = FrameAccessor.h; sourceTree = "<group>"; };
		D7290A791A89C4310098330E /* ScrollViewFrameAccessor.h */ = {isa = PBXFileReference; fileEncoding = 4; lastKnownFileType = sourcecode.c.h; path = ScrollViewFrameAccessor.h; sourceTree = "<group>"; };
		D7290A7A1A89C4310098330E /* ScrollViewFrameAccessor.m */ = {isa = PBXFileReference; fileEncoding = 4; lastKnownFileType = sourcecode.c.objc; path = ScrollViewFrameAccessor.m; sourceTree = "<group>"; };
		D7290A7B1A89C4310098330E /* ViewFrameAccessor.h */ = {isa = PBXFileReference; fileEncoding = 4; lastKnownFileType = sourcecode.c.h; path = ViewFrameAccessor.h; sourceTree = "<group>"; };
		D7290A7C1A89C4310098330E /* ViewFrameAccessor.m */ = {isa = PBXFileReference; fileEncoding = 4; lastKnownFileType = sourcecode.c.objc; path = ViewFrameAccessor.m; sourceTree = "<group>"; };
		D7290A7F1A89C6220098330E /* AudioToolbox.framework */ = {isa = PBXFileReference; lastKnownFileType = wrapper.framework; name = AudioToolbox.framework; path = System/Library/Frameworks/AudioToolbox.framework; sourceTree = SDKROOT; };
		D7290A811A89C6270098330E /* AudioUnit.framework */ = {isa = PBXFileReference; lastKnownFileType = wrapper.framework; name = AudioUnit.framework; path = System/Library/Frameworks/AudioUnit.framework; sourceTree = SDKROOT; };
		D7290A831A89C6770098330E /* Accelerate.framework */ = {isa = PBXFileReference; lastKnownFileType = wrapper.framework; name = Accelerate.framework; path = System/Library/Frameworks/Accelerate.framework; sourceTree = SDKROOT; };
		D7290A861A89F1240098330E /* CoreAudio.framework */ = {isa = PBXFileReference; lastKnownFileType = wrapper.framework; name = CoreAudio.framework; path = System/Library/Frameworks/CoreAudio.framework; sourceTree = SDKROOT; };
		D73ED1311AA41A1300C73109 /* UIColor+Flat.h */ = {isa = PBXFileReference; fileEncoding = 4; lastKnownFileType = sourcecode.c.h; path = "UIColor+Flat.h"; sourceTree = "<group>"; };
		D73ED1321AA41A1300C73109 /* UIColor+Flat.m */ = {isa = PBXFileReference; fileEncoding = 4; lastKnownFileType = sourcecode.c.objc; path = "UIColor+Flat.m"; sourceTree = "<group>"; };
		D7D864821A7B4D82003C2DA5 /* AFHTTPRequestOperation.h */ = {isa = PBXFileReference; fileEncoding = 4; lastKnownFileType = sourcecode.c.h; path = AFHTTPRequestOperation.h; sourceTree = "<group>"; };
		D7D864831A7B4D82003C2DA5 /* AFHTTPRequestOperation.m */ = {isa = PBXFileReference; fileEncoding = 4; lastKnownFileType = sourcecode.c.objc; path = AFHTTPRequestOperation.m; sourceTree = "<group>"; };
		D7D864841A7B4D82003C2DA5 /* AFHTTPRequestOperationManager.h */ = {isa = PBXFileReference; fileEncoding = 4; lastKnownFileType = sourcecode.c.h; path = AFHTTPRequestOperationManager.h; sourceTree = "<group>"; };
		D7D864851A7B4D82003C2DA5 /* AFHTTPRequestOperationManager.m */ = {isa = PBXFileReference; fileEncoding = 4; lastKnownFileType = sourcecode.c.objc; path = AFHTTPRequestOperationManager.m; sourceTree = "<group>"; };
		D7D864861A7B4D82003C2DA5 /* AFHTTPSessionManager.h */ = {isa = PBXFileReference; fileEncoding = 4; lastKnownFileType = sourcecode.c.h; path = AFHTTPSessionManager.h; sourceTree = "<group>"; };
		D7D864871A7B4D82003C2DA5 /* AFHTTPSessionManager.m */ = {isa = PBXFileReference; fileEncoding = 4; lastKnownFileType = sourcecode.c.objc; path = AFHTTPSessionManager.m; sourceTree = "<group>"; };
		D7D864881A7B4D82003C2DA5 /* AFNetworking.h */ = {isa = PBXFileReference; fileEncoding = 4; lastKnownFileType = sourcecode.c.h; path = AFNetworking.h; sourceTree = "<group>"; };
		D7D864891A7B4D82003C2DA5 /* AFNetworkReachabilityManager.h */ = {isa = PBXFileReference; fileEncoding = 4; lastKnownFileType = sourcecode.c.h; path = AFNetworkReachabilityManager.h; sourceTree = "<group>"; };
		D7D8648A1A7B4D82003C2DA5 /* AFNetworkReachabilityManager.m */ = {isa = PBXFileReference; fileEncoding = 4; lastKnownFileType = sourcecode.c.objc; path = AFNetworkReachabilityManager.m; sourceTree = "<group>"; };
		D7D8648B1A7B4D82003C2DA5 /* AFSecurityPolicy.h */ = {isa = PBXFileReference; fileEncoding = 4; lastKnownFileType = sourcecode.c.h; path = AFSecurityPolicy.h; sourceTree = "<group>"; };
		D7D8648C1A7B4D82003C2DA5 /* AFSecurityPolicy.m */ = {isa = PBXFileReference; fileEncoding = 4; lastKnownFileType = sourcecode.c.objc; path = AFSecurityPolicy.m; sourceTree = "<group>"; };
		D7D8648D1A7B4D82003C2DA5 /* AFURLConnectionOperation.h */ = {isa = PBXFileReference; fileEncoding = 4; lastKnownFileType = sourcecode.c.h; path = AFURLConnectionOperation.h; sourceTree = "<group>"; };
		D7D8648E1A7B4D82003C2DA5 /* AFURLConnectionOperation.m */ = {isa = PBXFileReference; fileEncoding = 4; lastKnownFileType = sourcecode.c.objc; path = AFURLConnectionOperation.m; sourceTree = "<group>"; };
		D7D8648F1A7B4D82003C2DA5 /* AFURLRequestSerialization.h */ = {isa = PBXFileReference; fileEncoding = 4; lastKnownFileType = sourcecode.c.h; path = AFURLRequestSerialization.h; sourceTree = "<group>"; };
		D7D864901A7B4D82003C2DA5 /* AFURLRequestSerialization.m */ = {isa = PBXFileReference; fileEncoding = 4; lastKnownFileType = sourcecode.c.objc; path = AFURLRequestSerialization.m; sourceTree = "<group>"; };
		D7D864911A7B4D82003C2DA5 /* AFURLResponseSerialization.h */ = {isa = PBXFileReference; fileEncoding = 4; lastKnownFileType = sourcecode.c.h; path = AFURLResponseSerialization.h; sourceTree = "<group>"; };
		D7D864921A7B4D82003C2DA5 /* AFURLResponseSerialization.m */ = {isa = PBXFileReference; fileEncoding = 4; lastKnownFileType = sourcecode.c.objc; path = AFURLResponseSerialization.m; sourceTree = "<group>"; };
		D7D864931A7B4D82003C2DA5 /* AFURLSessionManager.h */ = {isa = PBXFileReference; fileEncoding = 4; lastKnownFileType = sourcecode.c.h; path = AFURLSessionManager.h; sourceTree = "<group>"; };
		D7D864941A7B4D82003C2DA5 /* AFURLSessionManager.m */ = {isa = PBXFileReference; fileEncoding = 4; lastKnownFileType = sourcecode.c.objc; path = AFURLSessionManager.m; sourceTree = "<group>"; };
		D7D864951A7B4D82003C2DA5 /* LICENSE */ = {isa = PBXFileReference; fileEncoding = 4; lastKnownFileType = text; path = LICENSE; sourceTree = "<group>"; };
		D7D864961A7B4D82003C2DA5 /* README.md */ = {isa = PBXFileReference; fileEncoding = 4; lastKnownFileType = net.daringfireball.markdown; path = README.md; sourceTree = "<group>"; };
		D7D864981A7B4D82003C2DA5 /* AFNetworkActivityIndicatorManager.h */ = {isa = PBXFileReference; fileEncoding = 4; lastKnownFileType = sourcecode.c.h; path = AFNetworkActivityIndicatorManager.h; sourceTree = "<group>"; };
		D7D864991A7B4D82003C2DA5 /* AFNetworkActivityIndicatorManager.m */ = {isa = PBXFileReference; fileEncoding = 4; lastKnownFileType = sourcecode.c.objc; path = AFNetworkActivityIndicatorManager.m; sourceTree = "<group>"; };
		D7D8649A1A7B4D82003C2DA5 /* UIActivityIndicatorView+AFNetworking.h */ = {isa = PBXFileReference; fileEncoding = 4; lastKnownFileType = sourcecode.c.h; path = "UIActivityIndicatorView+AFNetworking.h"; sourceTree = "<group>"; };
		D7D8649B1A7B4D82003C2DA5 /* UIActivityIndicatorView+AFNetworking.m */ = {isa = PBXFileReference; fileEncoding = 4; lastKnownFileType = sourcecode.c.objc; path = "UIActivityIndicatorView+AFNetworking.m"; sourceTree = "<group>"; };
		D7D8649C1A7B4D82003C2DA5 /* UIAlertView+AFNetworking.h */ = {isa = PBXFileReference; fileEncoding = 4; lastKnownFileType = sourcecode.c.h; path = "UIAlertView+AFNetworking.h"; sourceTree = "<group>"; };
		D7D8649D1A7B4D82003C2DA5 /* UIAlertView+AFNetworking.m */ = {isa = PBXFileReference; fileEncoding = 4; lastKnownFileType = sourcecode.c.objc; path = "UIAlertView+AFNetworking.m"; sourceTree = "<group>"; };
		D7D8649E1A7B4D82003C2DA5 /* UIButton+AFNetworking.h */ = {isa = PBXFileReference; fileEncoding = 4; lastKnownFileType = sourcecode.c.h; path = "UIButton+AFNetworking.h"; sourceTree = "<group>"; };
		D7D8649F1A7B4D82003C2DA5 /* UIButton+AFNetworking.m */ = {isa = PBXFileReference; fileEncoding = 4; lastKnownFileType = sourcecode.c.objc; path = "UIButton+AFNetworking.m"; sourceTree = "<group>"; };
		D7D864A01A7B4D82003C2DA5 /* UIImageView+AFNetworking.h */ = {isa = PBXFileReference; fileEncoding = 4; lastKnownFileType = sourcecode.c.h; path = "UIImageView+AFNetworking.h"; sourceTree = "<group>"; };
		D7D864A11A7B4D82003C2DA5 /* UIImageView+AFNetworking.m */ = {isa = PBXFileReference; fileEncoding = 4; lastKnownFileType = sourcecode.c.objc; path = "UIImageView+AFNetworking.m"; sourceTree = "<group>"; };
		D7D864A21A7B4D82003C2DA5 /* UIKit+AFNetworking.h */ = {isa = PBXFileReference; fileEncoding = 4; lastKnownFileType = sourcecode.c.h; path = "UIKit+AFNetworking.h"; sourceTree = "<group>"; };
		D7D864A31A7B4D82003C2DA5 /* UIProgressView+AFNetworking.h */ = {isa = PBXFileReference; fileEncoding = 4; lastKnownFileType = sourcecode.c.h; path = "UIProgressView+AFNetworking.h"; sourceTree = "<group>"; };
		D7D864A41A7B4D82003C2DA5 /* UIProgressView+AFNetworking.m */ = {isa = PBXFileReference; fileEncoding = 4; lastKnownFileType = sourcecode.c.objc; path = "UIProgressView+AFNetworking.m"; sourceTree = "<group>"; };
		D7D864A51A7B4D82003C2DA5 /* UIRefreshControl+AFNetworking.h */ = {isa = PBXFileReference; fileEncoding = 4; lastKnownFileType = sourcecode.c.h; path = "UIRefreshControl+AFNetworking.h"; sourceTree = "<group>"; };
		D7D864A61A7B4D82003C2DA5 /* UIRefreshControl+AFNetworking.m */ = {isa = PBXFileReference; fileEncoding = 4; lastKnownFileType = sourcecode.c.objc; path = "UIRefreshControl+AFNetworking.m"; sourceTree = "<group>"; };
		D7D864A71A7B4D82003C2DA5 /* UIWebView+AFNetworking.h */ = {isa = PBXFileReference; fileEncoding = 4; lastKnownFileType = sourcecode.c.h; path = "UIWebView+AFNetworking.h"; sourceTree = "<group>"; };
		D7D864A81A7B4D82003C2DA5 /* UIWebView+AFNetworking.m */ = {isa = PBXFileReference; fileEncoding = 4; lastKnownFileType = sourcecode.c.objc; path = "UIWebView+AFNetworking.m"; sourceTree = "<group>"; };
		D96EF2731888D0C600C570C7 /* green_light.png */ = {isa = PBXFileReference; lastKnownFileType = image.png; path = green_light.png; sourceTree = "<group>"; };
		D96EF2741888D0C600C570C7 /* red_light.png */ = {isa = PBXFileReference; lastKnownFileType = image.png; path = red_light.png; sourceTree = "<group>"; };
		D96EF2751888D0C600C570C7 /* blue_light.png */ = {isa = PBXFileReference; lastKnownFileType = image.png; path = blue_light.png; sourceTree = "<group>"; };
		D9F770E01887426A0038839E /* FormantPlotter.app */ = {isa = PBXFileReference; explicitFileType = wrapper.application; includeInIndex = 0; path = FormantPlotter.app; sourceTree = BUILT_PRODUCTS_DIR; };
		D9F770E31887426A0038839E /* Foundation.framework */ = {isa = PBXFileReference; lastKnownFileType = wrapper.framework; name = Foundation.framework; path = System/Library/Frameworks/Foundation.framework; sourceTree = SDKROOT; };
		D9F770E51887426A0038839E /* CoreGraphics.framework */ = {isa = PBXFileReference; lastKnownFileType = wrapper.framework; name = CoreGraphics.framework; path = System/Library/Frameworks/CoreGraphics.framework; sourceTree = SDKROOT; };
		D9F770E71887426A0038839E /* UIKit.framework */ = {isa = PBXFileReference; lastKnownFileType = wrapper.framework; name = UIKit.framework; path = System/Library/Frameworks/UIKit.framework; sourceTree = SDKROOT; };
		D9F770EB1887426A0038839E /* FormantPlotter-Info.plist */ = {isa = PBXFileReference; lastKnownFileType = text.plist.xml; path = "FormantPlotter-Info.plist"; sourceTree = "<group>"; };
		D9F770ED1887426A0038839E /* en */ = {isa = PBXFileReference; lastKnownFileType = text.plist.strings; name = en; path = en.lproj/InfoPlist.strings; sourceTree = "<group>"; };
		D9F770EF1887426A0038839E /* main.m */ = {isa = PBXFileReference; lastKnownFileType = sourcecode.c.objc; path = main.m; sourceTree = "<group>"; };
		D9F770F11887426A0038839E /* FormantPlotter-Prefix.pch */ = {isa = PBXFileReference; lastKnownFileType = sourcecode.c.h; path = "FormantPlotter-Prefix.pch"; sourceTree = "<group>"; };
		D9F770F21887426A0038839E /* AppDelegate.h */ = {isa = PBXFileReference; lastKnownFileType = sourcecode.c.h; path = AppDelegate.h; sourceTree = "<group>"; };
		D9F770F31887426A0038839E /* AppDelegate.m */ = {isa = PBXFileReference; lastKnownFileType = sourcecode.c.objc; path = AppDelegate.m; sourceTree = "<group>"; };
		D9F770F61887426A0038839E /* Base */ = {isa = PBXFileReference; lastKnownFileType = file.storyboard; name = Base; path = Base.lproj/Main.storyboard; sourceTree = "<group>"; };
		D9F771011887426A0038839E /* Images.xcassets */ = {isa = PBXFileReference; lastKnownFileType = folder.assetcatalog; path = Images.xcassets; sourceTree = "<group>"; };
		D9F771081887426A0038839E /* XCTest.framework */ = {isa = PBXFileReference; lastKnownFileType = wrapper.framework; name = XCTest.framework; path = Library/Frameworks/XCTest.framework; sourceTree = DEVELOPER_DIR; };
		D9F7711E188743B30038839E /* formant_plot_help.html */ = {isa = PBXFileReference; fileEncoding = 4; lastKnownFileType = text.html; path = formant_plot_help.html; sourceTree = "<group>"; };
		D9F771201887441E0038839E /* arm.raw */ = {isa = PBXFileReference; lastKnownFileType = file; path = arm.raw; sourceTree = "<group>"; };
		D9F771211887441E0038839E /* beat.raw */ = {isa = PBXFileReference; lastKnownFileType = file; path = beat.raw; sourceTree = "<group>"; };
		D9F771221887441E0038839E /* bid.raw */ = {isa = PBXFileReference; lastKnownFileType = file; path = bid.raw; sourceTree = "<group>"; };
		D9F771231887441E0038839E /* calm.raw */ = {isa = PBXFileReference; lastKnownFileType = file; path = calm.raw; sourceTree = "<group>"; };
		D9F771241887441E0038839E /* cat.raw */ = {isa = PBXFileReference; lastKnownFileType = file; path = cat.raw; sourceTree = "<group>"; };
		D9F771251887441E0038839E /* four.raw */ = {isa = PBXFileReference; lastKnownFileType = file; path = four.raw; sourceTree = "<group>"; };
		D9F771261887441E0038839E /* who.raw */ = {isa = PBXFileReference; lastKnownFileType = file; path = who.raw; sourceTree = "<group>"; };
		D9F77130188744320038839E /* vowelPlotBackground.png */ = {isa = PBXFileReference; lastKnownFileType = image.png; path = vowelPlotBackground.png; sourceTree = "<group>"; };
		D9F7713C188744AA0038839E /* PlotView.h */ = {isa = PBXFileReference; fileEncoding = 4; lastKnownFileType = sourcecode.c.h; name = PlotView.h; path = FormantPlotter/PlotView.h; sourceTree = "<group>"; };
		D9F7713D188744AA0038839E /* PlotView.m */ = {isa = PBXFileReference; fileEncoding = 4; lastKnownFileType = sourcecode.c.objc; name = PlotView.m; path = FormantPlotter/PlotView.m; sourceTree = "<group>"; };
/* End PBXFileReference section */

/* Begin PBXFrameworksBuildPhase section */
		D9F770DD1887426A0038839E /* Frameworks */ = {
			isa = PBXFrameworksBuildPhase;
			buildActionMask = 2147483647;
			files = (
				D7290A871A89F1240098330E /* CoreAudio.framework in Frameworks */,
				D7290A841A89C6770098330E /* Accelerate.framework in Frameworks */,
				D9F770E41887426A0038839E /* Foundation.framework in Frameworks */,
				D7290A801A89C6220098330E /* AudioToolbox.framework in Frameworks */,
				D9F770E61887426A0038839E /* CoreGraphics.framework in Frameworks */,
				D9F770E81887426A0038839E /* UIKit.framework in Frameworks */,
			);
			runOnlyForDeploymentPostprocessing = 0;
		};
/* End PBXFrameworksBuildPhase section */

/* Begin PBXGroup section */
		D7290A6A1A89B6720098330E /* Models */ = {
			isa = PBXGroup;
			children = (
				D7290A6B1A89B67D0098330E /* LPCAudioController.h */,
				D7290A6C1A89B67D0098330E /* LPCAudioController.m */,
			);
			name = Models;
			sourceTree = "<group>";
		};
		D7290A6E1A89B69B0098330E /* Views */ = {
			isa = PBXGroup;
			children = (
				D7290A6F1A89B6BD0098330E /* LPCView.h */,
				D7290A701A89B6BD0098330E /* LPCView.mm */,
			);
			name = Views;
			sourceTree = "<group>";
		};
		D7290A721A89C37E0098330E /* Controllers */ = {
			isa = PBXGroup;
			children = (
				D7290A731A89C3A90098330E /* GraphViewController.h */,
				D7290A741A89C3A90098330E /* GraphViewController.m */,
			);
			name = Controllers;
			sourceTree = "<group>";
		};
		D7290A761A89C4070098330E /* Libraries */ = {
			isa = PBXGroup;
			children = (
				D73ED1341AA41A2B00C73109 /* Categories */,
				D7290A771A89C4310098330E /* FrameAccessor */,
				D7D864801A7B4D82003C2DA5 /* AFNetworking */,
			);
			name = Libraries;
			sourceTree = "<group>";
		};
		D7290A771A89C4310098330E /* FrameAccessor */ = {
			isa = PBXGroup;
			children = (
				D7290A781A89C4310098330E /* FrameAccessor.h */,
				D7290A791A89C4310098330E /* ScrollViewFrameAccessor.h */,
				D7290A7A1A89C4310098330E /* ScrollViewFrameAccessor.m */,
				D7290A7B1A89C4310098330E /* ViewFrameAccessor.h */,
				D7290A7C1A89C4310098330E /* ViewFrameAccessor.m */,
			);
			path = FrameAccessor;
			sourceTree = "<group>";
		};
		D7290A881A8A00420098330E /* Old Code */ = {
			isa = PBXGroup;
			children = (
				D9F7713C188744AA0038839E /* PlotView.h */,
				D9F7713D188744AA0038839E /* PlotView.m */,
			);
			name = "Old Code";
			sourceTree = "<group>";
		};
		D73ED1341AA41A2B00C73109 /* Categories */ = {
			isa = PBXGroup;
			children = (
				D73ED1311AA41A1300C73109 /* UIColor+Flat.h */,
				D73ED1321AA41A1300C73109 /* UIColor+Flat.m */,
			);
			name = Categories;
			sourceTree = "<group>";
		};
		D7D864801A7B4D82003C2DA5 /* AFNetworking */ = {
			isa = PBXGroup;
			children = (
				D7D864811A7B4D82003C2DA5 /* AFNetworking */,
				D7D864951A7B4D82003C2DA5 /* LICENSE */,
				D7D864961A7B4D82003C2DA5 /* README.md */,
				D7D864971A7B4D82003C2DA5 /* UIKit+AFNetworking */,
			);
			name = AFNetworking;
			path = FormantPlotter/AFNetworking;
			sourceTree = "<group>";
		};
		D7D864811A7B4D82003C2DA5 /* AFNetworking */ = {
			isa = PBXGroup;
			children = (
				D7D864821A7B4D82003C2DA5 /* AFHTTPRequestOperation.h */,
				D7D864831A7B4D82003C2DA5 /* AFHTTPRequestOperation.m */,
				D7D864841A7B4D82003C2DA5 /* AFHTTPRequestOperationManager.h */,
				D7D864851A7B4D82003C2DA5 /* AFHTTPRequestOperationManager.m */,
				D7D864861A7B4D82003C2DA5 /* AFHTTPSessionManager.h */,
				D7D864871A7B4D82003C2DA5 /* AFHTTPSessionManager.m */,
				D7D864881A7B4D82003C2DA5 /* AFNetworking.h */,
				D7D864891A7B4D82003C2DA5 /* AFNetworkReachabilityManager.h */,
				D7D8648A1A7B4D82003C2DA5 /* AFNetworkReachabilityManager.m */,
				D7D8648B1A7B4D82003C2DA5 /* AFSecurityPolicy.h */,
				D7D8648C1A7B4D82003C2DA5 /* AFSecurityPolicy.m */,
				D7D8648D1A7B4D82003C2DA5 /* AFURLConnectionOperation.h */,
				D7D8648E1A7B4D82003C2DA5 /* AFURLConnectionOperation.m */,
				D7D8648F1A7B4D82003C2DA5 /* AFURLRequestSerialization.h */,
				D7D864901A7B4D82003C2DA5 /* AFURLRequestSerialization.m */,
				D7D864911A7B4D82003C2DA5 /* AFURLResponseSerialization.h */,
				D7D864921A7B4D82003C2DA5 /* AFURLResponseSerialization.m */,
				D7D864931A7B4D82003C2DA5 /* AFURLSessionManager.h */,
				D7D864941A7B4D82003C2DA5 /* AFURLSessionManager.m */,
			);
			path = AFNetworking;
			sourceTree = "<group>";
		};
		D7D864971A7B4D82003C2DA5 /* UIKit+AFNetworking */ = {
			isa = PBXGroup;
			children = (
				D7D864981A7B4D82003C2DA5 /* AFNetworkActivityIndicatorManager.h */,
				D7D864991A7B4D82003C2DA5 /* AFNetworkActivityIndicatorManager.m */,
				D7D8649A1A7B4D82003C2DA5 /* UIActivityIndicatorView+AFNetworking.h */,
				D7D8649B1A7B4D82003C2DA5 /* UIActivityIndicatorView+AFNetworking.m */,
				D7D8649C1A7B4D82003C2DA5 /* UIAlertView+AFNetworking.h */,
				D7D8649D1A7B4D82003C2DA5 /* UIAlertView+AFNetworking.m */,
				D7D8649E1A7B4D82003C2DA5 /* UIButton+AFNetworking.h */,
				D7D8649F1A7B4D82003C2DA5 /* UIButton+AFNetworking.m */,
				D7D864A01A7B4D82003C2DA5 /* UIImageView+AFNetworking.h */,
				D7D864A11A7B4D82003C2DA5 /* UIImageView+AFNetworking.m */,
				D7D864A21A7B4D82003C2DA5 /* UIKit+AFNetworking.h */,
				D7D864A31A7B4D82003C2DA5 /* UIProgressView+AFNetworking.h */,
				D7D864A41A7B4D82003C2DA5 /* UIProgressView+AFNetworking.m */,
				D7D864A51A7B4D82003C2DA5 /* UIRefreshControl+AFNetworking.h */,
				D7D864A61A7B4D82003C2DA5 /* UIRefreshControl+AFNetworking.m */,
				D7D864A71A7B4D82003C2DA5 /* UIWebView+AFNetworking.h */,
				D7D864A81A7B4D82003C2DA5 /* UIWebView+AFNetworking.m */,
			);
			path = "UIKit+AFNetworking";
			sourceTree = "<group>";
		};
		D9F770D71887426A0038839E = {
			isa = PBXGroup;
			children = (
				D7290A881A8A00420098330E /* Old Code */,
				D7290A761A89C4070098330E /* Libraries */,
				D9F770E91887426A0038839E /* FormantPlotter */,
				D9F770E21887426A0038839E /* Frameworks */,
				D9F770E11887426A0038839E /* Products */,
			);
			sourceTree = "<group>";
		};
		D9F770E11887426A0038839E /* Products */ = {
			isa = PBXGroup;
			children = (
				D9F770E01887426A0038839E /* FormantPlotter.app */,
			);
			name = Products;
			sourceTree = "<group>";
		};
		D9F770E21887426A0038839E /* Frameworks */ = {
			isa = PBXGroup;
			children = (
				D7290A861A89F1240098330E /* CoreAudio.framework */,
				D7290A831A89C6770098330E /* Accelerate.framework */,
				D7290A811A89C6270098330E /* AudioUnit.framework */,
				D7290A7F1A89C6220098330E /* AudioToolbox.framework */,
				D9F770E31887426A0038839E /* Foundation.framework */,
				D9F770E51887426A0038839E /* CoreGraphics.framework */,
				D9F770E71887426A0038839E /* UIKit.framework */,
				D9F771081887426A0038839E /* XCTest.framework */,
				99D2C83AC4BE46BCBE258AE6 /* libPods.a */,
			);
			name = Frameworks;
			sourceTree = "<group>";
		};
		D9F770E91887426A0038839E /* FormantPlotter */ = {
			isa = PBXGroup;
			children = (
				D7290A721A89C37E0098330E /* Controllers */,
				D7290A6E1A89B69B0098330E /* Views */,
				D7290A6A1A89B6720098330E /* Models */,
				D9F770F21887426A0038839E /* AppDelegate.h */,
				D9F770F31887426A0038839E /* AppDelegate.m */,
				D9F770F51887426A0038839E /* Main.storyboard */,
				D9F771011887426A0038839E /* Images.xcassets */,
				D9F770EA1887426A0038839E /* Supporting Files */,
				D70E4C9F1A9ECF7100DDB818 /* Constants.h */,
			);
			path = FormantPlotter;
			sourceTree = "<group>";
		};
		D9F770EA1887426A0038839E /* Supporting Files */ = {
			isa = PBXGroup;
			children = (
				D9F7711E188743B30038839E /* formant_plot_help.html */,
				D9F770EB1887426A0038839E /* FormantPlotter-Info.plist */,
				D9F770EC1887426A0038839E /* InfoPlist.strings */,
				D9F770EF1887426A0038839E /* main.m */,
				D9F770F11887426A0038839E /* FormantPlotter-Prefix.pch */,
				D9F771201887441E0038839E /* arm.raw */,
				D9F771211887441E0038839E /* beat.raw */,
				D9F771221887441E0038839E /* bid.raw */,
				D9F771231887441E0038839E /* calm.raw */,
				D9F771241887441E0038839E /* cat.raw */,
				D9F771251887441E0038839E /* four.raw */,
				D9F771261887441E0038839E /* who.raw */,
				D9F77130188744320038839E /* vowelPlotBackground.png */,
				D96EF2731888D0C600C570C7 /* green_light.png */,
				D96EF2741888D0C600C570C7 /* red_light.png */,
				D96EF2751888D0C600C570C7 /* blue_light.png */,
			);
			name = "Supporting Files";
			sourceTree = "<group>";
		};
/* End PBXGroup section */

/* Begin PBXNativeTarget section */
		D9F770DF1887426A0038839E /* FormantPlotter */ = {
			isa = PBXNativeTarget;
			buildConfigurationList = D9F771181887426A0038839E /* Build configuration list for PBXNativeTarget "FormantPlotter" */;
			buildPhases = (
				D9F770DC1887426A0038839E /* Sources */,
				D9F770DD1887426A0038839E /* Frameworks */,
				D9F770DE1887426A0038839E /* Resources */,
			);
			buildRules = (
			);
			dependencies = (
			);
			name = FormantPlotter;
			productName = FormantPlotter;
			productReference = D9F770E01887426A0038839E /* FormantPlotter.app */;
			productType = "com.apple.product-type.application";
		};
/* End PBXNativeTarget section */

/* Begin PBXProject section */
		D9F770D81887426A0038839E /* Project object */ = {
			isa = PBXProject;
			attributes = {
				LastUpgradeCheck = 0510;
				ORGANIZATIONNAME = "William Entriken";
				TargetAttributes = {
					D9F770DF1887426A0038839E = {
						DevelopmentTeam = L8GZZ588QM;
					};
				};
			};
			buildConfigurationList = D9F770DB1887426A0038839E /* Build configuration list for PBXProject "FormantPlotter" */;
			compatibilityVersion = "Xcode 3.2";
			developmentRegion = English;
			hasScannedForEncodings = 0;
			knownRegions = (
				en,
				Base,
				de,
				es,
				ja,
				ko,
				pl,
				"zh-Hans",
				"zh-Hant",
			);
			mainGroup = D9F770D71887426A0038839E;
			productRefGroup = D9F770E11887426A0038839E /* Products */;
			projectDirPath = "";
			projectRoot = "";
			targets = (
				D9F770DF1887426A0038839E /* FormantPlotter */,
			);
		};
/* End PBXProject section */

/* Begin PBXResourcesBuildPhase section */
		D9F770DE1887426A0038839E /* Resources */ = {
			isa = PBXResourcesBuildPhase;
			buildActionMask = 2147483647;
			files = (
				D9F771021887426A0038839E /* Images.xcassets in Resources */,
				D9F77136188744320038839E /* vowelPlotBackground.png in Resources */,
				D96EF2771888D0C600C570C7 /* red_light.png in Resources */,
				D96EF2781888D0C600C570C7 /* blue_light.png in Resources */,
				D9F770F71887426A0038839E /* Main.storyboard in Resources */,
				D96EF2761888D0C600C570C7 /* green_light.png in Resources */,
				D9F7712C1887441E0038839E /* four.raw in Resources */,
				D9F771291887441E0038839E /* bid.raw in Resources */,
				D9F7712B1887441E0038839E /* cat.raw in Resources */,
				D9F7711F188743B30038839E /* formant_plot_help.html in Resources */,
				D7D864C71A7B4D82003C2DA5 /* LICENSE in Resources */,
				D9F7712D1887441E0038839E /* who.raw in Resources */,
				D9F771271887441E0038839E /* arm.raw in Resources */,
				D9F7712A1887441E0038839E /* calm.raw in Resources */,
				D9F771281887441E0038839E /* beat.raw in Resources */,
				D9F770EE1887426A0038839E /* InfoPlist.strings in Resources */,
			);
			runOnlyForDeploymentPostprocessing = 0;
		};
/* End PBXResourcesBuildPhase section */

/* Begin PBXSourcesBuildPhase section */
		D9F770DC1887426A0038839E /* Sources */ = {
			isa = PBXSourcesBuildPhase;
			buildActionMask = 2147483647;
			files = (
				D7D864C31A7B4D82003C2DA5 /* AFURLConnectionOperation.m in Sources */,
				D7D864BE1A7B4D82003C2DA5 /* AFHTTPRequestOperation.m in Sources */,
				D7D864C11A7B4D82003C2DA5 /* AFNetworkReachabilityManager.m in Sources */,
				D7D864C61A7B4D82003C2DA5 /* AFURLSessionManager.m in Sources */,
				D7D864C91A7B4D82003C2DA5 /* AFNetworkActivityIndicatorManager.m in Sources */,
				D7D864C41A7B4D82003C2DA5 /* AFURLRequestSerialization.m in Sources */,
				D7D864CE1A7B4D82003C2DA5 /* UIProgressView+AFNetworking.m in Sources */,
				D7D864C51A7B4D82003C2DA5 /* AFURLResponseSerialization.m in Sources */,
				D7290A6D1A89B67D0098330E /* LPCAudioController.m in Sources */,
				D7290A711A89B6BD0098330E /* LPCView.mm in Sources */,
				D9F770F41887426A0038839E /* AppDelegate.m in Sources */,
				D9F7713F188744AA0038839E /* PlotView.m in Sources */,
				D7D864CC1A7B4D82003C2DA5 /* UIButton+AFNetworking.m in Sources */,
				D7D864CD1A7B4D82003C2DA5 /* UIImageView+AFNetworking.m in Sources */,
				D73ED1331AA41A1300C73109 /* UIColor+Flat.m in Sources */,
				D7D864BF1A7B4D82003C2DA5 /* AFHTTPRequestOperationManager.m in Sources */,
				D7D864C21A7B4D82003C2DA5 /* AFSecurityPolicy.m in Sources */,
				D7D864CB1A7B4D82003C2DA5 /* UIAlertView+AFNetworking.m in Sources */,
				D7D864D01A7B4D82003C2DA5 /* UIWebView+AFNetworking.m in Sources */,
				D7D864CA1A7B4D82003C2DA5 /* UIActivityIndicatorView+AFNetworking.m in Sources */,
				D7290A7E1A89C4310098330E /* ViewFrameAccessor.m in Sources */,
				D7290A751A89C3A90098330E /* GraphViewController.m in Sources */,
				D7D864CF1A7B4D82003C2DA5 /* UIRefreshControl+AFNetworking.m in Sources */,
				D7D864C81A7B4D82003C2DA5 /* README.md in Sources */,
				D7290A7D1A89C4310098330E /* ScrollViewFrameAccessor.m in Sources */,
				D9F770F01887426A0038839E /* main.m in Sources */,
				D7D864C01A7B4D82003C2DA5 /* AFHTTPSessionManager.m in Sources */,
			);
			runOnlyForDeploymentPostprocessing = 0;
		};
/* End PBXSourcesBuildPhase section */

/* Begin PBXVariantGroup section */
		D9F770EC1887426A0038839E /* InfoPlist.strings */ = {
			isa = PBXVariantGroup;
			children = (
				D9F770ED1887426A0038839E /* en */,
			);
			name = InfoPlist.strings;
			sourceTree = "<group>";
		};
		D9F770F51887426A0038839E /* Main.storyboard */ = {
			isa = PBXVariantGroup;
			children = (
				D9F770F61887426A0038839E /* Base */,
			);
			name = Main.storyboard;
			sourceTree = "<group>";
		};
/* End PBXVariantGroup section */

/* Begin XCBuildConfiguration section */
		D9F771161887426A0038839E /* Debug */ = {
			isa = XCBuildConfiguration;
			buildSettings = {
				ALWAYS_SEARCH_USER_PATHS = NO;
				CLANG_CXX_LANGUAGE_STANDARD = "gnu++0x";
				CLANG_CXX_LIBRARY = "libc++";
				CLANG_ENABLE_MODULES = YES;
				CLANG_ENABLE_OBJC_ARC = YES;
				CLANG_WARN_BOOL_CONVERSION = YES;
				CLANG_WARN_CONSTANT_CONVERSION = YES;
				CLANG_WARN_DIRECT_OBJC_ISA_USAGE = YES_ERROR;
				CLANG_WARN_EMPTY_BODY = YES;
				CLANG_WARN_ENUM_CONVERSION = YES;
				CLANG_WARN_INT_CONVERSION = YES;
				CLANG_WARN_OBJC_ROOT_CLASS = YES_ERROR;
				CLANG_WARN__DUPLICATE_METHOD_MATCH = YES;
				"CODE_SIGN_IDENTITY[sdk=iphoneos*]" = "iPhone Developer";
				COPY_PHASE_STRIP = NO;
				GCC_C_LANGUAGE_STANDARD = gnu99;
				GCC_DYNAMIC_NO_PIC = NO;
				GCC_OPTIMIZATION_LEVEL = 0;
				GCC_PREPROCESSOR_DEFINITIONS = (
					"DEBUG=1",
					"$(inherited)",
				);
				GCC_SYMBOLS_PRIVATE_EXTERN = NO;
				GCC_WARN_64_TO_32_BIT_CONVERSION = YES;
				GCC_WARN_ABOUT_RETURN_TYPE = YES_ERROR;
				GCC_WARN_UNDECLARED_SELECTOR = YES;
				GCC_WARN_UNINITIALIZED_AUTOS = YES;
				GCC_WARN_UNUSED_FUNCTION = YES;
				GCC_WARN_UNUSED_VARIABLE = YES;
				IPHONEOS_DEPLOYMENT_TARGET = 7.0;
				ONLY_ACTIVE_ARCH = YES;
				SDKROOT = iphoneos;
				TARGETED_DEVICE_FAMILY = "1,2";
			};
			name = Debug;
		};
		D9F771171887426A0038839E /* Release */ = {
			isa = XCBuildConfiguration;
			buildSettings = {
				ALWAYS_SEARCH_USER_PATHS = NO;
				CLANG_CXX_LANGUAGE_STANDARD = "gnu++0x";
				CLANG_CXX_LIBRARY = "libc++";
				CLANG_ENABLE_MODULES = YES;
				CLANG_ENABLE_OBJC_ARC = YES;
				CLANG_WARN_BOOL_CONVERSION = YES;
				CLANG_WARN_CONSTANT_CONVERSION = YES;
				CLANG_WARN_DIRECT_OBJC_ISA_USAGE = YES_ERROR;
				CLANG_WARN_EMPTY_BODY = YES;
				CLANG_WARN_ENUM_CONVERSION = YES;
				CLANG_WARN_INT_CONVERSION = YES;
				CLANG_WARN_OBJC_ROOT_CLASS = YES_ERROR;
				CLANG_WARN__DUPLICATE_METHOD_MATCH = YES;
				"CODE_SIGN_IDENTITY[sdk=iphoneos*]" = "iPhone Developer";
				COPY_PHASE_STRIP = YES;
				ENABLE_NS_ASSERTIONS = NO;
				GCC_C_LANGUAGE_STANDARD = gnu99;
				GCC_WARN_64_TO_32_BIT_CONVERSION = YES;
				GCC_WARN_ABOUT_RETURN_TYPE = YES_ERROR;
				GCC_WARN_UNDECLARED_SELECTOR = YES;
				GCC_WARN_UNINITIALIZED_AUTOS = YES;
				GCC_WARN_UNUSED_FUNCTION = YES;
				GCC_WARN_UNUSED_VARIABLE = YES;
				IPHONEOS_DEPLOYMENT_TARGET = 7.0;
				SDKROOT = iphoneos;
				TARGETED_DEVICE_FAMILY = "1,2";
				VALIDATE_PRODUCT = YES;
			};
			name = Release;
		};
		D9F771191887426A0038839E /* Debug */ = {
			isa = XCBuildConfiguration;
			buildSettings = {
				ASSETCATALOG_COMPILER_APPICON_NAME = AppIcon;
				ASSETCATALOG_COMPILER_LAUNCHIMAGE_NAME = LaunchImage;
				GCC_PRECOMPILE_PREFIX_HEADER = YES;
				GCC_PREFIX_HEADER = "FormantPlotter/FormantPlotter-Prefix.pch";
				INFOPLIST_FILE = "FormantPlotter/FormantPlotter-Info.plist";
				IPHONEOS_DEPLOYMENT_TARGET = 8.0;
				PRODUCT_NAME = "$(TARGET_NAME)";
				WRAPPER_EXTENSION = app;
			};
			name = Debug;
		};
		D9F7711A1887426A0038839E /* Release */ = {
			isa = XCBuildConfiguration;
			buildSettings = {
				ASSETCATALOG_COMPILER_APPICON_NAME = AppIcon;
				ASSETCATALOG_COMPILER_LAUNCHIMAGE_NAME = LaunchImage;
				GCC_PRECOMPILE_PREFIX_HEADER = YES;
				GCC_PREFIX_HEADER = "FormantPlotter/FormantPlotter-Prefix.pch";
				INFOPLIST_FILE = "FormantPlotter/FormantPlotter-Info.plist";
				IPHONEOS_DEPLOYMENT_TARGET = 8.0;
				PRODUCT_NAME = "$(TARGET_NAME)";
				WRAPPER_EXTENSION = app;
			};
			name = Release;
		};
/* End XCBuildConfiguration section */

/* Begin XCConfigurationList section */
		D9F770DB1887426A0038839E /* Build configuration list for PBXProject "FormantPlotter" */ = {
			isa = XCConfigurationList;
			buildConfigurations = (
				D9F771161887426A0038839E /* Debug */,
				D9F771171887426A0038839E /* Release */,
			);
			defaultConfigurationIsVisible = 0;
			defaultConfigurationName = Release;
		};
		D9F771181887426A0038839E /* Build configuration list for PBXNativeTarget "FormantPlotter" */ = {
			isa = XCConfigurationList;
			buildConfigurations = (
				D9F771191887426A0038839E /* Debug */,
				D9F7711A1887426A0038839E /* Release */,
			);
			defaultConfigurationIsVisible = 0;
			defaultConfigurationName = Release;
		};
/* End XCConfigurationList section */
	};
	rootObject = D9F770D81887426A0038839E /* Project object */;
}
